
Microsoft Visual Studio Solution File, Format Version 12.00
# Visual Studio Version 17
VisualStudioVersion = 17.4.33205.214
MinimumVisualStudioVersion = 10.0.40219.1
Project("{8BC9CEB8-8B4A-11D0-8D11-00A0C91BC942}") = "NGS_nomodule", "NGS_nomodule\NGS_nomodule.vcxproj", "{DA4D5010-E5C4-439A-8336-29FCCD91F4CF}"
EndProject
Project("{8BC9CEB8-8B4A-11D0-8D11-00A0C91BC942}") = "NMath", "NMath\NMath.vcxproj", "{5B249BBE-0484-4A97-8D50-BA16A5F6A404}"
	ProjectSection(ProjectDependencies) = postProject
		{DA4D5010-E5C4-439A-8336-29FCCD91F4CF} = {DA4D5010-E5C4-439A-8336-29FCCD91F4CF}
	EndProjectSection
EndProject
Project("{8BC9CEB8-8B4A-11D0-8D11-00A0C91BC942}") = "NDA", "NGS_DisplayArchitecture\NGS_DisplayArchitecture.vcxproj", "{54B55B41-5A9C-4EE9-B093-A0B1B68CFE57}"
EndProject
Project("{8BC9CEB8-8B4A-11D0-8D11-00A0C91BC942}") = "N_WIN", "N_WIN\N_WIN.vcxproj", "{2258056E-B7B0-4F67-A0B9-EFCC7C651476}"
EndProject
Project("{8BC9CEB8-8B4A-11D0-8D11-00A0C91BC942}") = "NGF", "NGF\NGF.vcxproj", "{A5609DD8-8453-44F3-86F3-FD48BB2C419D}"
EndProject
Project("{8BC9CEB8-8B4A-11D0-8D11-00A0C91BC942}") = "TEST", "TEST\TEST.vcxproj", "{2B9B5DB9-4A4D-4F5F-9CAC-3D7793541C28}"
	ProjectSection(ProjectDependencies) = postProject
		{2258056E-B7B0-4F67-A0B9-EFCC7C651476} = {2258056E-B7B0-4F67-A0B9-EFCC7C651476}
		{54B55B41-5A9C-4EE9-B093-A0B1B68CFE57} = {54B55B41-5A9C-4EE9-B093-A0B1B68CFE57}
		{5B249BBE-0484-4A97-8D50-BA16A5F6A404} = {5B249BBE-0484-4A97-8D50-BA16A5F6A404}
		{DA4D5010-E5C4-439A-8336-29FCCD91F4CF} = {DA4D5010-E5C4-439A-8336-29FCCD91F4CF}
	EndProjectSection
EndProject
Project("{8BC9CEB8-8B4A-11D0-8D11-00A0C91BC942}") = "Snake_Plus", "Snake_Plus\Snake_Plus.vcxproj", "{DC3461CA-0CBE-4958-A46E-062496A86100}"
	ProjectSection(ProjectDependencies) = postProject
		{2258056E-B7B0-4F67-A0B9-EFCC7C651476} = {2258056E-B7B0-4F67-A0B9-EFCC7C651476}
		{54B55B41-5A9C-4EE9-B093-A0B1B68CFE57} = {54B55B41-5A9C-4EE9-B093-A0B1B68CFE57}
		{5B249BBE-0484-4A97-8D50-BA16A5F6A404} = {5B249BBE-0484-4A97-8D50-BA16A5F6A404}
		{A5609DD8-8453-44F3-86F3-FD48BB2C419D} = {A5609DD8-8453-44F3-86F3-FD48BB2C419D}
		{DA4D5010-E5C4-439A-8336-29FCCD91F4CF} = {DA4D5010-E5C4-439A-8336-29FCCD91F4CF}
	EndProjectSection
EndProject
Global
	GlobalSection(SolutionConfigurationPlatforms) = preSolution
		Debug|x64 = Debug|x64
		Debug|x86 = Debug|x86
		Release|x64 = Release|x64
		Release|x86 = Release|x86
	EndGlobalSection
	GlobalSection(ProjectConfigurationPlatforms) = postSolution
		{DA4D5010-E5C4-439A-8336-29FCCD91F4CF}.Debug|x64.ActiveCfg = Debug|x64
		{DA4D5010-E5C4-439A-8336-29FCCD91F4CF}.Debug|x64.Build.0 = Debug|x64
		{DA4D5010-E5C4-439A-8336-29FCCD91F4CF}.Debug|x86.ActiveCfg = Debug|Win32
		{DA4D5010-E5C4-439A-8336-29FCCD91F4CF}.Debug|x86.Build.0 = Debug|Win32
		{DA4D5010-E5C4-439A-8336-29FCCD91F4CF}.Release|x64.ActiveCfg = Release|x64
		{DA4D5010-E5C4-439A-8336-29FCCD91F4CF}.Release|x64.Build.0 = Release|x64
		{DA4D5010-E5C4-439A-8336-29FCCD91F4CF}.Release|x86.ActiveCfg = Release|Win32
		{DA4D5010-E5C4-439A-8336-29FCCD91F4CF}.Release|x86.Build.0 = Release|Win32
		{5B249BBE-0484-4A97-8D50-BA16A5F6A404}.Debug|x64.ActiveCfg = Debug|x64
		{5B249BBE-0484-4A97-8D50-BA16A5F6A404}.Debug|x64.Build.0 = Debug|x64
		{5B249BBE-0484-4A97-8D50-BA16A5F6A404}.Debug|x86.ActiveCfg = Debug|Win32
		{5B249BBE-0484-4A97-8D50-BA16A5F6A404}.Debug|x86.Build.0 = Debug|Win32
		{5B249BBE-0484-4A97-8D50-BA16A5F6A404}.Release|x64.ActiveCfg = Release|x64
		{5B249BBE-0484-4A97-8D50-BA16A5F6A404}.Release|x64.Build.0 = Release|x64
		{5B249BBE-0484-4A97-8D50-BA16A5F6A404}.Release|x86.ActiveCfg = Release|Win32
		{5B249BBE-0484-4A97-8D50-BA16A5F6A404}.Release|x86.Build.0 = Release|Win32
		{54B55B41-5A9C-4EE9-B093-A0B1B68CFE57}.Debug|x64.ActiveCfg = Debug|x64
		{54B55B41-5A9C-4EE9-B093-A0B1B68CFE57}.Debug|x64.Build.0 = Debug|x64
		{54B55B41-5A9C-4EE9-B093-A0B1B68CFE57}.Debug|x86.ActiveCfg = Debug|Win32
		{54B55B41-5A9C-4EE9-B093-A0B1B68CFE57}.Debug|x86.Build.0 = Debug|Win32
		{54B55B41-5A9C-4EE9-B093-A0B1B68CFE57}.Release|x64.ActiveCfg = Release|x64
		{54B55B41-5A9C-4EE9-B093-A0B1B68CFE57}.Release|x64.Build.0 = Release|x64
		{54B55B41-5A9C-4EE9-B093-A0B1B68CFE57}.Release|x86.ActiveCfg = Release|Win32
		{54B55B41-5A9C-4EE9-B093-A0B1B68CFE57}.Release|x86.Build.0 = Release|Win32
		{2258056E-B7B0-4F67-A0B9-EFCC7C651476}.Debug|x64.ActiveCfg = Debug|x64
		{2258056E-B7B0-4F67-A0B9-EFCC7C651476}.Debug|x64.Build.0 = Debug|x64
		{2258056E-B7B0-4F67-A0B9-EFCC7C651476}.Debug|x86.ActiveCfg = Debug|Win32
		{2258056E-B7B0-4F67-A0B9-EFCC7C651476}.Debug|x86.Build.0 = Debug|Win32
		{2258056E-B7B0-4F67-A0B9-EFCC7C651476}.Release|x64.ActiveCfg = Release|x64
		{2258056E-B7B0-4F67-A0B9-EFCC7C651476}.Release|x64.Build.0 = Release|x64
		{2258056E-B7B0-4F67-A0B9-EFCC7C651476}.Release|x86.ActiveCfg = Release|Win32
		{2258056E-B7B0-4F67-A0B9-EFCC7C651476}.Release|x86.Build.0 = Release|Win32
		{A5609DD8-8453-44F3-86F3-FD48BB2C419D}.Debug|x64.ActiveCfg = Debug|x64
		{A5609DD8-8453-44F3-86F3-FD48BB2C419D}.Debug|x64.Build.0 = Debug|x64
		{A5609DD8-8453-44F3-86F3-FD48BB2C419D}.Debug|x86.ActiveCfg = Debug|Win32
		{A5609DD8-8453-44F3-86F3-FD48BB2C419D}.Debug|x86.Build.0 = Debug|Win32
		{A5609DD8-8453-44F3-86F3-FD48BB2C419D}.Release|x64.ActiveCfg = Release|x64
		{A5609DD8-8453-44F3-86F3-FD48BB2C419D}.Release|x64.Build.0 = Release|x64
		{A5609DD8-8453-44F3-86F3-FD48BB2C419D}.Release|x86.ActiveCfg = Release|Win32
		{A5609DD8-8453-44F3-86F3-FD48BB2C419D}.Release|x86.Build.0 = Release|Win32
		{2B9B5DB9-4A4D-4F5F-9CAC-3D7793541C28}.Debug|x64.ActiveCfg = Debug|x64
		{2B9B5DB9-4A4D-4F5F-9CAC-3D7793541C28}.Debug|x64.Build.0 = Debug|x64
		{2B9B5DB9-4A4D-4F5F-9CAC-3D7793541C28}.Debug|x86.ActiveCfg = Debug|Win32
		{2B9B5DB9-4A4D-4F5F-9CAC-3D7793541C28}.Debug|x86.Build.0 = Debug|Win32
		{2B9B5DB9-4A4D-4F5F-9CAC-3D7793541C28}.Release|x64.ActiveCfg = Release|x64
		{2B9B5DB9-4A4D-4F5F-9CAC-3D7793541C28}.Release|x64.Build.0 = Release|x64
		{2B9B5DB9-4A4D-4F5F-9CAC-3D7793541C28}.Release|x86.ActiveCfg = Release|Win32
		{2B9B5DB9-4A4D-4F5F-9CAC-3D7793541C28}.Release|x86.Build.0 = Release|Win32
		{DC3461CA-0CBE-4958-A46E-062496A86100}.Debug|x64.ActiveCfg = Debug|x64
		{DC3461CA-0CBE-4958-A46E-062496A86100}.Debug|x64.Build.0 = Debug|x64
		{DC3461CA-0CBE-4958-A46E-062496A86100}.Debug|x86.ActiveCfg = Debug|Win32
		{DC3461CA-0CBE-4958-A46E-062496A86100}.Debug|x86.Build.0 = Debug|Win32
		{DC3461CA-0CBE-4958-A46E-062496A86100}.Release|x64.ActiveCfg = Release|x64
		{DC3461CA-0CBE-4958-A46E-062496A86100}.Release|x64.Build.0 = Release|x64
		{DC3461CA-0CBE-4958-A46E-062496A86100}.Release|x86.ActiveCfg = Release|Win32
		{DC3461CA-0CBE-4958-A46E-062496A86100}.Release|x86.Build.0 = Release|Win32
	EndGlobalSection
	GlobalSection(SolutionProperties) = preSolution
		HideSolutionNode = FALSE
	EndGlobalSection
	GlobalSection(ExtensibilityGlobals) = postSolution
		SolutionGuid = {0A89D574-9D47-4CD4-B895-05AC5F6AF994}
	EndGlobalSection
EndGlobal
